// !$*UTF8*$!
{
	archiveVersion = 1;
	classes = {
	};
	objectVersion = 56;
	objects = {

/* Begin PBXBuildFile section */
		6A0CB7932BF4D05800245895 /* Previewer.swift in Sources */ = {isa = PBXBuildFile; fileRef = 6A0CB7922BF4D05800245895 /* Previewer.swift */; };
		6A1CCDC72BF3900100B6BF02 /* QuestionCollectionSortingLandscapeView.swift in Sources */ = {isa = PBXBuildFile; fileRef = 6A1CCDC62BF3900100B6BF02 /* QuestionCollectionSortingLandscapeView.swift */; };
		6A40BD892C5AD5660059EA35 /* ItemToolbar.swift in Sources */ = {isa = PBXBuildFile; fileRef = 6A40BD882C5AD5660059EA35 /* ItemToolbar.swift */; };
		6A40BD8B2C5AD65F0059EA35 /* NextOrPastButton.swift in Sources */ = {isa = PBXBuildFile; fileRef = 6A40BD8A2C5AD65F0059EA35 /* NextOrPastButton.swift */; };
		6A40BD8D2C5AD6980059EA35 /* CustomStyleToolbarItem_Simple.swift in Sources */ = {isa = PBXBuildFile; fileRef = 6A40BD8C2C5AD6980059EA35 /* CustomStyleToolbarItem_Simple.swift */; };
		6A40BD8F2C5AD6C10059EA35 /* CustomButtonStyle_OrangeBouncy.swift in Sources */ = {isa = PBXBuildFile; fileRef = 6A40BD8E2C5AD6C10059EA35 /* CustomButtonStyle_OrangeBouncy.swift */; };
		6A40BD912C5AD7150059EA35 /* QuestionCollectionListView.swift in Sources */ = {isa = PBXBuildFile; fileRef = 6A40BD902C5AD7150059EA35 /* QuestionCollectionListView.swift */; };
		6A40BD932C5AD7620059EA35 /* QuestionCollectionLandscapeView.swift in Sources */ = {isa = PBXBuildFile; fileRef = 6A40BD922C5AD7620059EA35 /* QuestionCollectionLandscapeView.swift */; };
		6A40BD972C5AD8BF0059EA35 /* AnswerCellView.swift in Sources */ = {isa = PBXBuildFile; fileRef = 6A40BD962C5AD8BE0059EA35 /* AnswerCellView.swift */; };
		6A40BD992C5AD8EA0059EA35 /* CustomTextFieldOfAnswer.swift in Sources */ = {isa = PBXBuildFile; fileRef = 6A40BD982C5AD8EA0059EA35 /* CustomTextFieldOfAnswer.swift */; };
		6A40BD9B2C5AD9100059EA35 /* CustomColorAndIconSelectorView.swift in Sources */ = {isa = PBXBuildFile; fileRef = 6A40BD9A2C5AD9100059EA35 /* CustomColorAndIconSelectorView.swift */; };
		6A40BD9D2C5AD93F0059EA35 /* CustomTextEditor.swift in Sources */ = {isa = PBXBuildFile; fileRef = 6A40BD9C2C5AD93F0059EA35 /* CustomTextEditor.swift */; };
		6A40BD9F2C5AD9610059EA35 /* CustomTextField.swift in Sources */ = {isa = PBXBuildFile; fileRef = 6A40BD9E2C5AD9610059EA35 /* CustomTextField.swift */; };
		6A40BDA12C5AD98B0059EA35 /* ToolbarButtonStyle.swift in Sources */ = {isa = PBXBuildFile; fileRef = 6A40BDA02C5AD98B0059EA35 /* ToolbarButtonStyle.swift */; };
		6A40BDA32C5AD9A70059EA35 /* QuestionCellView.swift in Sources */ = {isa = PBXBuildFile; fileRef = 6A40BDA22C5AD9A70059EA35 /* QuestionCellView.swift */; };
		6A40BDA52C5AD9C10059EA35 /* CustomDivider.swift in Sources */ = {isa = PBXBuildFile; fileRef = 6A40BDA42C5AD9C10059EA35 /* CustomDivider.swift */; };
		6A40BDA72C5AD9DC0059EA35 /* CustomMainActionButton.swift in Sources */ = {isa = PBXBuildFile; fileRef = 6A40BDA62C5AD9DC0059EA35 /* CustomMainActionButton.swift */; };
		6A40BDA92C5AD9FF0059EA35 /* QuestionCellListView.swift in Sources */ = {isa = PBXBuildFile; fileRef = 6A40BDA82C5AD9FF0059EA35 /* QuestionCellListView.swift */; };
		6A40BDAB2C5ADB730059EA35 /* NewQuestionCollectionView.swift in Sources */ = {isa = PBXBuildFile; fileRef = 6A40BDAA2C5ADB730059EA35 /* NewQuestionCollectionView.swift */; };
		6A40BDAE2C5ADBC70059EA35 /* QuestionCollection.swift in Sources */ = {isa = PBXBuildFile; fileRef = 6A40BDAD2C5ADBC70059EA35 /* QuestionCollection.swift */; };
		6A4839892B78009900106D9D /* QuestionCollectionDetailView.swift in Sources */ = {isa = PBXBuildFile; fileRef = 6A4839882B78009900106D9D /* QuestionCollectionDetailView.swift */; };
		6A6B6DFF2B77CA4C008151D9 /* UIColor+Hex.swift in Sources */ = {isa = PBXBuildFile; fileRef = 6A6B6DFE2B77CA4C008151D9 /* UIColor+Hex.swift */; };
		6A6B6E012B77CAB5008151D9 /* Color+Hex.swift in Sources */ = {isa = PBXBuildFile; fileRef = 6A6B6E002B77CAB5008151D9 /* Color+Hex.swift */; };
		6A7DC65A2CC285CF0010A4A9 /* PreviewModifiers.swift in Sources */ = {isa = PBXBuildFile; fileRef = 6A7DC6592CC285CD0010A4A9 /* PreviewModifiers.swift */; };
		6A8F22672BBD76E0007A82A6 /* ResultView.swift in Sources */ = {isa = PBXBuildFile; fileRef = 6A8F22662BBD76E0007A82A6 /* ResultView.swift */; };
		6A8F226D2BBD7CAD007A82A6 /* PageQuestionView.swift in Sources */ = {isa = PBXBuildFile; fileRef = 6A8F226C2BBD7CAD007A82A6 /* PageQuestionView.swift */; };
		6A8F22712BBDC2D4007A82A6 /* MyTabViewOfQuestionView.swift in Sources */ = {isa = PBXBuildFile; fileRef = 6A8F22702BBDC2D4007A82A6 /* MyTabViewOfQuestionView.swift */; };
		6A92B0012BBBE0DC002759B0 /* CustomButtonStyle_BlueBouncy .swift in Sources */ = {isa = PBXBuildFile; fileRef = 6A92B0002BBBE0DC002759B0 /* CustomButtonStyle_BlueBouncy .swift */; };
		6AA684B02BF1052600CB23BD /* QuestionCollectionSortingView.swift in Sources */ = {isa = PBXBuildFile; fileRef = 6AA684AF2BF1052600CB23BD /* QuestionCollectionSortingView.swift */; };
		6AA684B22BF11A4C00CB23BD /* CustomMenu.swift in Sources */ = {isa = PBXBuildFile; fileRef = 6AA684B12BF11A4C00CB23BD /* CustomMenu.swift */; };
		6AB3B7852BB9CD1B00CE5E6B /* NewQuestionView.swift in Sources */ = {isa = PBXBuildFile; fileRef = 6AB3B7842BB9CD1B00CE5E6B /* NewQuestionView.swift */; };
		6AB4586A2BBAE7DF0042BDCE /* Answer.swift in Sources */ = {isa = PBXBuildFile; fileRef = 6AB458692BBAE7DF0042BDCE /* Answer.swift */; };
		6AB4586C2BBAE8750042BDCE /* MCQQuestion.swift in Sources */ = {isa = PBXBuildFile; fileRef = 6AB4586B2BBAE8750042BDCE /* MCQQuestion.swift */; };
		6ABE79132B6A46C200E8DB11 /* AmazingQuizzApp.swift in Sources */ = {isa = PBXBuildFile; fileRef = 6ABE79122B6A46C200E8DB11 /* AmazingQuizzApp.swift */; };
		6ABE79152B6A46C200E8DB11 /* ContentView.swift in Sources */ = {isa = PBXBuildFile; fileRef = 6ABE79142B6A46C200E8DB11 /* ContentView.swift */; };
		6ABE79172B6A46C300E8DB11 /* Assets.xcassets in Resources */ = {isa = PBXBuildFile; fileRef = 6ABE79162B6A46C300E8DB11 /* Assets.xcassets */; };
		6ABE791A2B6A46C300E8DB11 /* Preview Assets.xcassets in Resources */ = {isa = PBXBuildFile; fileRef = 6ABE79192B6A46C300E8DB11 /* Preview Assets.xcassets */; };
		6AD282F72B6E5840002BE6C6 /* AddButtonStyle.swift in Sources */ = {isa = PBXBuildFile; fileRef = 6AD282F62B6E5840002BE6C6 /* AddButtonStyle.swift */; };
		6AD950112BC465D500D6FA28 /* PrefersTabNavigationEnvironmentKey.swift in Sources */ = {isa = PBXBuildFile; fileRef = 6AD950102BC465D500D6FA28 /* PrefersTabNavigationEnvironmentKey.swift */; };
		6AE9D8DE2BFA7C670070DD02 /* PlayingQuestionView.swift in Sources */ = {isa = PBXBuildFile; fileRef = 6AE9D8DD2BFA7C670070DD02 /* PlayingQuestionView.swift */; };
/* End PBXBuildFile section */

/* Begin PBXFileReference section */
		6A0CB7922BF4D05800245895 /* Previewer.swift */ = {isa = PBXFileReference; lastKnownFileType = sourcecode.swift; path = Previewer.swift; sourceTree = "<group>"; };
		6A1CCDC62BF3900100B6BF02 /* QuestionCollectionSortingLandscapeView.swift */ = {isa = PBXFileReference; lastKnownFileType = sourcecode.swift; path = QuestionCollectionSortingLandscapeView.swift; sourceTree = "<group>"; };
		6A40BD882C5AD5660059EA35 /* ItemToolbar.swift */ = {isa = PBXFileReference; fileEncoding = 4; lastKnownFileType = sourcecode.swift; path = ItemToolbar.swift; sourceTree = "<group>"; };
		6A40BD8A2C5AD65F0059EA35 /* NextOrPastButton.swift */ = {isa = PBXFileReference; fileEncoding = 4; lastKnownFileType = sourcecode.swift; path = NextOrPastButton.swift; sourceTree = "<group>"; };
		6A40BD8C2C5AD6980059EA35 /* CustomStyleToolbarItem_Simple.swift */ = {isa = PBXFileReference; fileEncoding = 4; lastKnownFileType = sourcecode.swift; path = CustomStyleToolbarItem_Simple.swift; sourceTree = "<group>"; };
		6A40BD8E2C5AD6C10059EA35 /* CustomButtonStyle_OrangeBouncy.swift */ = {isa = PBXFileReference; fileEncoding = 4; lastKnownFileType = sourcecode.swift; path = CustomButtonStyle_OrangeBouncy.swift; sourceTree = "<group>"; };
		6A40BD902C5AD7150059EA35 /* QuestionCollectionListView.swift */ = {isa = PBXFileReference; fileEncoding = 4; lastKnownFileType = sourcecode.swift; path = QuestionCollectionListView.swift; sourceTree = "<group>"; };
		6A40BD922C5AD7620059EA35 /* QuestionCollectionLandscapeView.swift */ = {isa = PBXFileReference; fileEncoding = 4; lastKnownFileType = sourcecode.swift; path = QuestionCollectionLandscapeView.swift; sourceTree = "<group>"; };
		6A40BD962C5AD8BE0059EA35 /* AnswerCellView.swift */ = {isa = PBXFileReference; fileEncoding = 4; lastKnownFileType = sourcecode.swift; path = AnswerCellView.swift; sourceTree = "<group>"; };
		6A40BD982C5AD8EA0059EA35 /* CustomTextFieldOfAnswer.swift */ = {isa = PBXFileReference; fileEncoding = 4; lastKnownFileType = sourcecode.swift; path = CustomTextFieldOfAnswer.swift; sourceTree = "<group>"; };
		6A40BD9A2C5AD9100059EA35 /* CustomColorAndIconSelectorView.swift */ = {isa = PBXFileReference; fileEncoding = 4; lastKnownFileType = sourcecode.swift; path = CustomColorAndIconSelectorView.swift; sourceTree = "<group>"; };
		6A40BD9C2C5AD93F0059EA35 /* CustomTextEditor.swift */ = {isa = PBXFileReference; fileEncoding = 4; lastKnownFileType = sourcecode.swift; path = CustomTextEditor.swift; sourceTree = "<group>"; };
		6A40BD9E2C5AD9610059EA35 /* CustomTextField.swift */ = {isa = PBXFileReference; fileEncoding = 4; lastKnownFileType = sourcecode.swift; path = CustomTextField.swift; sourceTree = "<group>"; };
		6A40BDA02C5AD98B0059EA35 /* ToolbarButtonStyle.swift */ = {isa = PBXFileReference; fileEncoding = 4; lastKnownFileType = sourcecode.swift; path = ToolbarButtonStyle.swift; sourceTree = "<group>"; };
		6A40BDA22C5AD9A70059EA35 /* QuestionCellView.swift */ = {isa = PBXFileReference; fileEncoding = 4; lastKnownFileType = sourcecode.swift; path = QuestionCellView.swift; sourceTree = "<group>"; };
		6A40BDA42C5AD9C10059EA35 /* CustomDivider.swift */ = {isa = PBXFileReference; fileEncoding = 4; lastKnownFileType = sourcecode.swift; path = CustomDivider.swift; sourceTree = "<group>"; };
		6A40BDA62C5AD9DC0059EA35 /* CustomMainActionButton.swift */ = {isa = PBXFileReference; fileEncoding = 4; lastKnownFileType = sourcecode.swift; path = CustomMainActionButton.swift; sourceTree = "<group>"; };
		6A40BDA82C5AD9FF0059EA35 /* QuestionCellListView.swift */ = {isa = PBXFileReference; fileEncoding = 4; lastKnownFileType = sourcecode.swift; path = QuestionCellListView.swift; sourceTree = "<group>"; };
		6A40BDAA2C5ADB730059EA35 /* NewQuestionCollectionView.swift */ = {isa = PBXFileReference; fileEncoding = 4; lastKnownFileType = sourcecode.swift; path = NewQuestionCollectionView.swift; sourceTree = "<group>"; };
		6A40BDAD2C5ADBC70059EA35 /* QuestionCollection.swift */ = {isa = PBXFileReference; fileEncoding = 4; lastKnownFileType = sourcecode.swift; path = QuestionCollection.swift; sourceTree = "<group>"; };
		6A4839882B78009900106D9D /* QuestionCollectionDetailView.swift */ = {isa = PBXFileReference; lastKnownFileType = sourcecode.swift; path = QuestionCollectionDetailView.swift; sourceTree = "<group>"; };
		6A6B6DFE2B77CA4C008151D9 /* UIColor+Hex.swift */ = {isa = PBXFileReference; lastKnownFileType = sourcecode.swift; path = "UIColor+Hex.swift"; sourceTree = "<group>"; };
		6A6B6E002B77CAB5008151D9 /* Color+Hex.swift */ = {isa = PBXFileReference; lastKnownFileType = sourcecode.swift; path = "Color+Hex.swift"; sourceTree = "<group>"; };
		6A7DC6592CC285CD0010A4A9 /* PreviewModifiers.swift */ = {isa = PBXFileReference; lastKnownFileType = sourcecode.swift; path = PreviewModifiers.swift; sourceTree = "<group>"; };
		6A8C14F52C24B37B0054BA1C /* README.md */ = {isa = PBXFileReference; lastKnownFileType = net.daringfireball.markdown; path = README.md; sourceTree = "<group>"; };
		6A8F22662BBD76E0007A82A6 /* ResultView.swift */ = {isa = PBXFileReference; lastKnownFileType = sourcecode.swift; path = ResultView.swift; sourceTree = "<group>"; };
		6A8F226C2BBD7CAD007A82A6 /* PageQuestionView.swift */ = {isa = PBXFileReference; lastKnownFileType = sourcecode.swift; path = PageQuestionView.swift; sourceTree = "<group>"; };
		6A8F22702BBDC2D4007A82A6 /* MyTabViewOfQuestionView.swift */ = {isa = PBXFileReference; lastKnownFileType = sourcecode.swift; path = MyTabViewOfQuestionView.swift; sourceTree = "<group>"; };
		6A92B0002BBBE0DC002759B0 /* CustomButtonStyle_BlueBouncy .swift */ = {isa = PBXFileReference; lastKnownFileType = sourcecode.swift; path = "CustomButtonStyle_BlueBouncy .swift"; sourceTree = "<group>"; };
		6AA684AF2BF1052600CB23BD /* QuestionCollectionSortingView.swift */ = {isa = PBXFileReference; lastKnownFileType = sourcecode.swift; path = QuestionCollectionSortingView.swift; sourceTree = "<group>"; };
		6AA684B12BF11A4C00CB23BD /* CustomMenu.swift */ = {isa = PBXFileReference; lastKnownFileType = sourcecode.swift; path = CustomMenu.swift; sourceTree = "<group>"; };
		6AB3B7842BB9CD1B00CE5E6B /* NewQuestionView.swift */ = {isa = PBXFileReference; lastKnownFileType = sourcecode.swift; path = NewQuestionView.swift; sourceTree = "<group>"; };
		6AB458692BBAE7DF0042BDCE /* Answer.swift */ = {isa = PBXFileReference; lastKnownFileType = sourcecode.swift; path = Answer.swift; sourceTree = "<group>"; };
		6AB4586B2BBAE8750042BDCE /* MCQQuestion.swift */ = {isa = PBXFileReference; lastKnownFileType = sourcecode.swift; path = MCQQuestion.swift; sourceTree = "<group>"; };
		6ABE790F2B6A46C200E8DB11 /* AmazingQuizz.app */ = {isa = PBXFileReference; explicitFileType = wrapper.application; includeInIndex = 0; path = AmazingQuizz.app; sourceTree = BUILT_PRODUCTS_DIR; };
		6ABE79122B6A46C200E8DB11 /* AmazingQuizzApp.swift */ = {isa = PBXFileReference; lastKnownFileType = sourcecode.swift; path = AmazingQuizzApp.swift; sourceTree = "<group>"; };
		6ABE79142B6A46C200E8DB11 /* ContentView.swift */ = {isa = PBXFileReference; lastKnownFileType = sourcecode.swift; path = ContentView.swift; sourceTree = "<group>"; };
		6ABE79162B6A46C300E8DB11 /* Assets.xcassets */ = {isa = PBXFileReference; lastKnownFileType = folder.assetcatalog; path = Assets.xcassets; sourceTree = "<group>"; };
		6ABE79192B6A46C300E8DB11 /* Preview Assets.xcassets */ = {isa = PBXFileReference; lastKnownFileType = folder.assetcatalog; path = "Preview Assets.xcassets"; sourceTree = "<group>"; };
		6AD282F62B6E5840002BE6C6 /* AddButtonStyle.swift */ = {isa = PBXFileReference; lastKnownFileType = sourcecode.swift; path = AddButtonStyle.swift; sourceTree = "<group>"; };
		6AD950102BC465D500D6FA28 /* PrefersTabNavigationEnvironmentKey.swift */ = {isa = PBXFileReference; lastKnownFileType = sourcecode.swift; name = PrefersTabNavigationEnvironmentKey.swift; path = AmazingQuizz/Navigation/PrefersTabNavigationEnvironmentKey.swift; sourceTree = SOURCE_ROOT; };
		6AE9D8DD2BFA7C670070DD02 /* PlayingQuestionView.swift */ = {isa = PBXFileReference; fileEncoding = 4; lastKnownFileType = sourcecode.swift; path = PlayingQuestionView.swift; sourceTree = "<group>"; };
/* End PBXFileReference section */

/* Begin PBXFrameworksBuildPhase section */
		6ABE790C2B6A46C200E8DB11 /* Frameworks */ = {
			isa = PBXFrameworksBuildPhase;
			buildActionMask = 2147483647;
			files = (
			);
			runOnlyForDeploymentPostprocessing = 0;
		};
/* End PBXFrameworksBuildPhase section */

/* Begin PBXGroup section */
		6A1CCDC82BF3EA9F00B6BF02 /* QuestionCollectionSortingViews */ = {
			isa = PBXGroup;
			children = (
				6AA684AF2BF1052600CB23BD /* QuestionCollectionSortingView.swift */,
				6A1CCDC62BF3900100B6BF02 /* QuestionCollectionSortingLandscapeView.swift */,
			);
			path = QuestionCollectionSortingViews;
			sourceTree = "<group>";
		};
		6A40BDAC2C5ADB7F0059EA35 /* CreatView */ = {
			isa = PBXGroup;
			children = (
				6AB3B7842BB9CD1B00CE5E6B /* NewQuestionView.swift */,
				6A40BDAA2C5ADB730059EA35 /* NewQuestionCollectionView.swift */,
			);
			path = CreatView;
			sourceTree = "<group>";
		};
		6A40BDAF2C5ADBEA0059EA35 /* Navigation */ = {
			isa = PBXGroup;
			children = (
				6AD950102BC465D500D6FA28 /* PrefersTabNavigationEnvironmentKey.swift */,
			);
			path = Navigation;
			sourceTree = "<group>";
		};
		6A40BDB02C5ADCE60059EA35 /* GameWayView */ = {
			isa = PBXGroup;
			children = (
				6AE9D8DD2BFA7C670070DD02 /* PlayingQuestionView.swift */,
				6A8F22702BBDC2D4007A82A6 /* MyTabViewOfQuestionView.swift */,
				6A8F226C2BBD7CAD007A82A6 /* PageQuestionView.swift */,
				6A8F22662BBD76E0007A82A6 /* ResultView.swift */,
			);
			path = GameWayView;
			sourceTree = "<group>";
		};
		6A7DC6582CC285B10010A4A9 /* PreviewModifiers */ = {
			isa = PBXGroup;
			children = (
				6A7DC6592CC285CD0010A4A9 /* PreviewModifiers.swift */,
			);
			path = PreviewModifiers;
			sourceTree = "<group>";
		};
		6AB78F9F2B6AD50D008EE3F4 /* View */ = {
			isa = PBXGroup;
			children = (
				6AB78FA12B6AD543008EE3F4 /* Components */,
				6A40BDAC2C5ADB7F0059EA35 /* CreatView */,
				6A40BD902C5AD7150059EA35 /* QuestionCollectionListView.swift */,
				6A40BD922C5AD7620059EA35 /* QuestionCollectionLandscapeView.swift */,
				6A4839882B78009900106D9D /* QuestionCollectionDetailView.swift */,
				6A1CCDC82BF3EA9F00B6BF02 /* QuestionCollectionSortingViews */,
				6A40BDB02C5ADCE60059EA35 /* GameWayView */,
				6AD282F52B6E5824002BE6C6 /* Styles */,
			);
			path = View;
			sourceTree = "<group>";
		};
		6AB78FA02B6AD525008EE3F4 /* Model */ = {
			isa = PBXGroup;
			children = (
				6A40BDAD2C5ADBC70059EA35 /* QuestionCollection.swift */,
				6AB4586B2BBAE8750042BDCE /* MCQQuestion.swift */,
				6AB458692BBAE7DF0042BDCE /* Answer.swift */,
			);
			path = Model;
			sourceTree = "<group>";
		};
		6AB78FA12B6AD543008EE3F4 /* Components */ = {
			isa = PBXGroup;
			children = (
				6A40BD962C5AD8BE0059EA35 /* AnswerCellView.swift */,
				6A40BD9A2C5AD9100059EA35 /* CustomColorAndIconSelectorView.swift */,
				6A40BDA42C5AD9C10059EA35 /* CustomDivider.swift */,
				6A40BD9E2C5AD9610059EA35 /* CustomTextField.swift */,
				6A40BD982C5AD8EA0059EA35 /* CustomTextFieldOfAnswer.swift */,
				6A40BD9C2C5AD93F0059EA35 /* CustomTextEditor.swift */,
				6A40BDA62C5AD9DC0059EA35 /* CustomMainActionButton.swift */,
				6AA684B12BF11A4C00CB23BD /* CustomMenu.swift */,
				6A40BDA82C5AD9FF0059EA35 /* QuestionCellListView.swift */,
				6A40BDA22C5AD9A70059EA35 /* QuestionCellView.swift */,
				6A40BDA02C5AD98B0059EA35 /* ToolbarButtonStyle.swift */,
			);
			path = Components;
			sourceTree = "<group>";
		};
		6AB78FA22B6AD57C008EE3F4 /* Extentions */ = {
			isa = PBXGroup;
			children = (
				6A6B6DFE2B77CA4C008151D9 /* UIColor+Hex.swift */,
				6A6B6E002B77CAB5008151D9 /* Color+Hex.swift */,
			);
			path = Extentions;
			sourceTree = "<group>";
		};
		6ABE79062B6A46C200E8DB11 = {
			isa = PBXGroup;
			children = (
				6A8C14F52C24B37B0054BA1C /* README.md */,
				6ABE79112B6A46C200E8DB11 /* AmazingQuizz */,
				6ABE79102B6A46C200E8DB11 /* Products */,
			);
			sourceTree = "<group>";
		};
		6ABE79102B6A46C200E8DB11 /* Products */ = {
			isa = PBXGroup;
			children = (
				6ABE790F2B6A46C200E8DB11 /* AmazingQuizz.app */,
			);
			name = Products;
			sourceTree = "<group>";
		};
		6ABE79112B6A46C200E8DB11 /* AmazingQuizz */ = {
			isa = PBXGroup;
			children = (
				6A7DC6582CC285B10010A4A9 /* PreviewModifiers */,
				6ABE79122B6A46C200E8DB11 /* AmazingQuizzApp.swift */,
				6ABE79142B6A46C200E8DB11 /* ContentView.swift */,
				6AB78FA22B6AD57C008EE3F4 /* Extentions */,
				6A40BDAF2C5ADBEA0059EA35 /* Navigation */,
				6AB78FA02B6AD525008EE3F4 /* Model */,
				6AB78F9F2B6AD50D008EE3F4 /* View */,
				6ABE79162B6A46C300E8DB11 /* Assets.xcassets */,
				6ABE79182B6A46C300E8DB11 /* Preview Content */,
			);
			path = AmazingQuizz;
			sourceTree = "<group>";
		};
		6ABE79182B6A46C300E8DB11 /* Preview Content */ = {
			isa = PBXGroup;
			children = (
				6ABE79192B6A46C300E8DB11 /* Preview Assets.xcassets */,
				6A0CB7922BF4D05800245895 /* Previewer.swift */,
			);
			path = "Preview Content";
			sourceTree = "<group>";
		};
		6AD282F52B6E5824002BE6C6 /* Styles */ = {
			isa = PBXGroup;
			children = (
				6A40BD8E2C5AD6C10059EA35 /* CustomButtonStyle_OrangeBouncy.swift */,
				6A40BD8C2C5AD6980059EA35 /* CustomStyleToolbarItem_Simple.swift */,
				6A40BD8A2C5AD65F0059EA35 /* NextOrPastButton.swift */,
				6A40BD882C5AD5660059EA35 /* ItemToolbar.swift */,
				6A92B0002BBBE0DC002759B0 /* CustomButtonStyle_BlueBouncy .swift */,
				6AD282F62B6E5840002BE6C6 /* AddButtonStyle.swift */,
			);
			path = Styles;
			sourceTree = "<group>";
		};
/* End PBXGroup section */

/* Begin PBXNativeTarget section */
		6ABE790E2B6A46C200E8DB11 /* AmazingQuizz */ = {
			isa = PBXNativeTarget;
			buildConfigurationList = 6ABE791D2B6A46C300E8DB11 /* Build configuration list for PBXNativeTarget "AmazingQuizz" */;
			buildPhases = (
				6ABE790B2B6A46C200E8DB11 /* Sources */,
				6ABE790C2B6A46C200E8DB11 /* Frameworks */,
				6ABE790D2B6A46C200E8DB11 /* Resources */,
			);
			buildRules = (
			);
			dependencies = (
			);
			name = AmazingQuizz;
			productName = AmazingQuizz;
			productReference = 6ABE790F2B6A46C200E8DB11 /* AmazingQuizz.app */;
			productType = "com.apple.product-type.application";
		};
/* End PBXNativeTarget section */

/* Begin PBXProject section */
		6ABE79072B6A46C200E8DB11 /* Project object */ = {
			isa = PBXProject;
			attributes = {
				BuildIndependentTargetsInParallel = 1;
				LastSwiftUpdateCheck = 1520;
				LastUpgradeCheck = 1520;
				TargetAttributes = {
					6ABE790E2B6A46C200E8DB11 = {
						CreatedOnToolsVersion = 15.2;
					};
				};
			};
			buildConfigurationList = 6ABE790A2B6A46C200E8DB11 /* Build configuration list for PBXProject "AmazingQuizz" */;
			compatibilityVersion = "Xcode 14.0";
			developmentRegion = en;
			hasScannedForEncodings = 0;
			knownRegions = (
				en,
				Base,
			);
			mainGroup = 6ABE79062B6A46C200E8DB11;
			productRefGroup = 6ABE79102B6A46C200E8DB11 /* Products */;
			projectDirPath = "";
			projectRoot = "";
			targets = (
				6ABE790E2B6A46C200E8DB11 /* AmazingQuizz */,
			);
		};
/* End PBXProject section */

/* Begin PBXResourcesBuildPhase section */
		6ABE790D2B6A46C200E8DB11 /* Resources */ = {
			isa = PBXResourcesBuildPhase;
			buildActionMask = 2147483647;
			files = (
				6ABE791A2B6A46C300E8DB11 /* Preview Assets.xcassets in Resources */,
				6ABE79172B6A46C300E8DB11 /* Assets.xcassets in Resources */,
			);
			runOnlyForDeploymentPostprocessing = 0;
		};
/* End PBXResourcesBuildPhase section */

/* Begin PBXSourcesBuildPhase section */
		6ABE790B2B6A46C200E8DB11 /* Sources */ = {
			isa = PBXSourcesBuildPhase;
			buildActionMask = 2147483647;
			files = (
				6AB4586C2BBAE8750042BDCE /* MCQQuestion.swift in Sources */,
				6A40BDA72C5AD9DC0059EA35 /* CustomMainActionButton.swift in Sources */,
				6A40BD8D2C5AD6980059EA35 /* CustomStyleToolbarItem_Simple.swift in Sources */,
				6A8F22712BBDC2D4007A82A6 /* MyTabViewOfQuestionView.swift in Sources */,
				6A40BDA52C5AD9C10059EA35 /* CustomDivider.swift in Sources */,
				6A0CB7932BF4D05800245895 /* Previewer.swift in Sources */,
				6A8F226D2BBD7CAD007A82A6 /* PageQuestionView.swift in Sources */,
				6A40BD9F2C5AD9610059EA35 /* CustomTextField.swift in Sources */,
				6A40BDAE2C5ADBC70059EA35 /* QuestionCollection.swift in Sources */,
				6AA684B22BF11A4C00CB23BD /* CustomMenu.swift in Sources */,
				6A40BD8F2C5AD6C10059EA35 /* CustomButtonStyle_OrangeBouncy.swift in Sources */,
				6A40BDA12C5AD98B0059EA35 /* ToolbarButtonStyle.swift in Sources */,
				6A1CCDC72BF3900100B6BF02 /* QuestionCollectionSortingLandscapeView.swift in Sources */,
				6A8F22672BBD76E0007A82A6 /* ResultView.swift in Sources */,
				6A40BD9D2C5AD93F0059EA35 /* CustomTextEditor.swift in Sources */,
				6A40BD8B2C5AD65F0059EA35 /* NextOrPastButton.swift in Sources */,
				6A40BD932C5AD7620059EA35 /* QuestionCollectionLandscapeView.swift in Sources */,
				6A92B0012BBBE0DC002759B0 /* CustomButtonStyle_BlueBouncy .swift in Sources */,
				6ABE79152B6A46C200E8DB11 /* ContentView.swift in Sources */,
				6AB4586A2BBAE7DF0042BDCE /* Answer.swift in Sources */,
				6A40BD9B2C5AD9100059EA35 /* CustomColorAndIconSelectorView.swift in Sources */,
				6A7DC65A2CC285CF0010A4A9 /* PreviewModifiers.swift in Sources */,
				6A40BDA32C5AD9A70059EA35 /* QuestionCellView.swift in Sources */,
				6ABE79132B6A46C200E8DB11 /* AmazingQuizzApp.swift in Sources */,
				6A40BDAB2C5ADB730059EA35 /* NewQuestionCollectionView.swift in Sources */,
				6A40BD972C5AD8BF0059EA35 /* AnswerCellView.swift in Sources */,
				6A40BD892C5AD5660059EA35 /* ItemToolbar.swift in Sources */,
				6AA684B02BF1052600CB23BD /* QuestionCollectionSortingView.swift in Sources */,
				6AD282F72B6E5840002BE6C6 /* AddButtonStyle.swift in Sources */,
				6A6B6E012B77CAB5008151D9 /* Color+Hex.swift in Sources */,
				6AE9D8DE2BFA7C670070DD02 /* PlayingQuestionView.swift in Sources */,
				6A40BD992C5AD8EA0059EA35 /* CustomTextFieldOfAnswer.swift in Sources */,
				6A6B6DFF2B77CA4C008151D9 /* UIColor+Hex.swift in Sources */,
				6AB3B7852BB9CD1B00CE5E6B /* NewQuestionView.swift in Sources */,
				6A4839892B78009900106D9D /* QuestionCollectionDetailView.swift in Sources */,
				6AD950112BC465D500D6FA28 /* PrefersTabNavigationEnvironmentKey.swift in Sources */,
				6A40BDA92C5AD9FF0059EA35 /* QuestionCellListView.swift in Sources */,
				6A40BD912C5AD7150059EA35 /* QuestionCollectionListView.swift in Sources */,
			);
			runOnlyForDeploymentPostprocessing = 0;
		};
/* End PBXSourcesBuildPhase section */

/* Begin XCBuildConfiguration section */
		6ABE791B2B6A46C300E8DB11 /* Debug */ = {
			isa = XCBuildConfiguration;
			buildSettings = {
				ALWAYS_SEARCH_USER_PATHS = NO;
				ASSETCATALOG_COMPILER_GENERATE_SWIFT_ASSET_SYMBOL_EXTENSIONS = YES;
				CLANG_ANALYZER_NONNULL = YES;
				CLANG_ANALYZER_NUMBER_OBJECT_CONVERSION = YES_AGGRESSIVE;
				CLANG_CXX_LANGUAGE_STANDARD = "gnu++20";
				CLANG_ENABLE_MODULES = YES;
				CLANG_ENABLE_OBJC_ARC = YES;
				CLANG_ENABLE_OBJC_WEAK = YES;
				CLANG_WARN_BLOCK_CAPTURE_AUTORELEASING = YES;
				CLANG_WARN_BOOL_CONVERSION = YES;
				CLANG_WARN_COMMA = YES;
				CLANG_WARN_CONSTANT_CONVERSION = YES;
				CLANG_WARN_DEPRECATED_OBJC_IMPLEMENTATIONS = YES;
				CLANG_WARN_DIRECT_OBJC_ISA_USAGE = YES_ERROR;
				CLANG_WARN_DOCUMENTATION_COMMENTS = YES;
				CLANG_WARN_EMPTY_BODY = YES;
				CLANG_WARN_ENUM_CONVERSION = YES;
				CLANG_WARN_INFINITE_RECURSION = YES;
				CLANG_WARN_INT_CONVERSION = YES;
				CLANG_WARN_NON_LITERAL_NULL_CONVERSION = YES;
				CLANG_WARN_OBJC_IMPLICIT_RETAIN_SELF = YES;
				CLANG_WARN_OBJC_LITERAL_CONVERSION = YES;
				CLANG_WARN_OBJC_ROOT_CLASS = YES_ERROR;
				CLANG_WARN_QUOTED_INCLUDE_IN_FRAMEWORK_HEADER = YES;
				CLANG_WARN_RANGE_LOOP_ANALYSIS = YES;
				CLANG_WARN_STRICT_PROTOTYPES = YES;
				CLANG_WARN_SUSPICIOUS_MOVE = YES;
				CLANG_WARN_UNGUARDED_AVAILABILITY = YES_AGGRESSIVE;
				CLANG_WARN_UNREACHABLE_CODE = YES;
				CLANG_WARN__DUPLICATE_METHOD_MATCH = YES;
				COPY_PHASE_STRIP = NO;
				DEBUG_INFORMATION_FORMAT = dwarf;
				ENABLE_STRICT_OBJC_MSGSEND = YES;
				ENABLE_TESTABILITY = YES;
				ENABLE_USER_SCRIPT_SANDBOXING = YES;
				GCC_C_LANGUAGE_STANDARD = gnu17;
				GCC_DYNAMIC_NO_PIC = NO;
				GCC_NO_COMMON_BLOCKS = YES;
				GCC_OPTIMIZATION_LEVEL = 0;
				GCC_PREPROCESSOR_DEFINITIONS = (
					"DEBUG=1",
					"$(inherited)",
				);
				GCC_WARN_64_TO_32_BIT_CONVERSION = YES;
				GCC_WARN_ABOUT_RETURN_TYPE = YES_ERROR;
				GCC_WARN_UNDECLARED_SELECTOR = YES;
				GCC_WARN_UNINITIALIZED_AUTOS = YES_AGGRESSIVE;
				GCC_WARN_UNUSED_FUNCTION = YES;
				GCC_WARN_UNUSED_VARIABLE = YES;
				IPHONEOS_DEPLOYMENT_TARGET = 18.0;
				LOCALIZATION_PREFERS_STRING_CATALOGS = YES;
				MTL_ENABLE_DEBUG_INFO = INCLUDE_SOURCE;
				MTL_FAST_MATH = YES;
				ONLY_ACTIVE_ARCH = YES;
				SDKROOT = iphoneos;
				SWIFT_ACTIVE_COMPILATION_CONDITIONS = "DEBUG $(inherited)";
				SWIFT_OPTIMIZATION_LEVEL = "-Onone";
			};
			name = Debug;
		};
		6ABE791C2B6A46C300E8DB11 /* Release */ = {
			isa = XCBuildConfiguration;
			buildSettings = {
				ALWAYS_SEARCH_USER_PATHS = NO;
				ASSETCATALOG_COMPILER_GENERATE_SWIFT_ASSET_SYMBOL_EXTENSIONS = YES;
				CLANG_ANALYZER_NONNULL = YES;
				CLANG_ANALYZER_NUMBER_OBJECT_CONVERSION = YES_AGGRESSIVE;
				CLANG_CXX_LANGUAGE_STANDARD = "gnu++20";
				CLANG_ENABLE_MODULES = YES;
				CLANG_ENABLE_OBJC_ARC = YES;
				CLANG_ENABLE_OBJC_WEAK = YES;
				CLANG_WARN_BLOCK_CAPTURE_AUTORELEASING = YES;
				CLANG_WARN_BOOL_CONVERSION = YES;
				CLANG_WARN_COMMA = YES;
				CLANG_WARN_CONSTANT_CONVERSION = YES;
				CLANG_WARN_DEPRECATED_OBJC_IMPLEMENTATIONS = YES;
				CLANG_WARN_DIRECT_OBJC_ISA_USAGE = YES_ERROR;
				CLANG_WARN_DOCUMENTATION_COMMENTS = YES;
				CLANG_WARN_EMPTY_BODY = YES;
				CLANG_WARN_ENUM_CONVERSION = YES;
				CLANG_WARN_INFINITE_RECURSION = YES;
				CLANG_WARN_INT_CONVERSION = YES;
				CLANG_WARN_NON_LITERAL_NULL_CONVERSION = YES;
				CLANG_WARN_OBJC_IMPLICIT_RETAIN_SELF = YES;
				CLANG_WARN_OBJC_LITERAL_CONVERSION = YES;
				CLANG_WARN_OBJC_ROOT_CLASS = YES_ERROR;
				CLANG_WARN_QUOTED_INCLUDE_IN_FRAMEWORK_HEADER = YES;
				CLANG_WARN_RANGE_LOOP_ANALYSIS = YES;
				CLANG_WARN_STRICT_PROTOTYPES = YES;
				CLANG_WARN_SUSPICIOUS_MOVE = YES;
				CLANG_WARN_UNGUARDED_AVAILABILITY = YES_AGGRESSIVE;
				CLANG_WARN_UNREACHABLE_CODE = YES;
				CLANG_WARN__DUPLICATE_METHOD_MATCH = YES;
				COPY_PHASE_STRIP = NO;
				DEBUG_INFORMATION_FORMAT = "dwarf-with-dsym";
				ENABLE_NS_ASSERTIONS = NO;
				ENABLE_STRICT_OBJC_MSGSEND = YES;
				ENABLE_USER_SCRIPT_SANDBOXING = YES;
				GCC_C_LANGUAGE_STANDARD = gnu17;
				GCC_NO_COMMON_BLOCKS = YES;
				GCC_WARN_64_TO_32_BIT_CONVERSION = YES;
				GCC_WARN_ABOUT_RETURN_TYPE = YES_ERROR;
				GCC_WARN_UNDECLARED_SELECTOR = YES;
				GCC_WARN_UNINITIALIZED_AUTOS = YES_AGGRESSIVE;
				GCC_WARN_UNUSED_FUNCTION = YES;
				GCC_WARN_UNUSED_VARIABLE = YES;
				IPHONEOS_DEPLOYMENT_TARGET = 18.0;
				LOCALIZATION_PREFERS_STRING_CATALOGS = YES;
				MTL_ENABLE_DEBUG_INFO = NO;
				MTL_FAST_MATH = YES;
				SDKROOT = iphoneos;
				SWIFT_COMPILATION_MODE = wholemodule;
				VALIDATE_PRODUCT = YES;
			};
			name = Release;
		};
		6ABE791E2B6A46C300E8DB11 /* Debug */ = {
			isa = XCBuildConfiguration;
			buildSettings = {
				ASSETCATALOG_COMPILER_APPICON_NAME = AppIcon;
				ASSETCATALOG_COMPILER_GLOBAL_ACCENT_COLOR_NAME = AccentColor;
				CODE_SIGN_STYLE = Automatic;
				CURRENT_PROJECT_VERSION = 1;
				DEVELOPMENT_ASSET_PATHS = "\"AmazingQuizz/Preview Content\"";
				DEVELOPMENT_TEAM = 6B2HPBN228;
				ENABLE_PREVIEWS = YES;
				GENERATE_INFOPLIST_FILE = YES;
				INFOPLIST_KEY_UIApplicationSceneManifest_Generation = YES;
				INFOPLIST_KEY_UIApplicationSupportsIndirectInputEvents = YES;
				INFOPLIST_KEY_UILaunchScreen_Generation = YES;
				INFOPLIST_KEY_UISupportedInterfaceOrientations_iPad = "UIInterfaceOrientationPortrait UIInterfaceOrientationPortraitUpsideDown UIInterfaceOrientationLandscapeLeft UIInterfaceOrientationLandscapeRight";
				INFOPLIST_KEY_UISupportedInterfaceOrientations_iPhone = UIInterfaceOrientationPortrait;
				LD_RUNPATH_SEARCH_PATHS = (
					"$(inherited)",
					"@executable_path/Frameworks",
				);
				MARKETING_VERSION = 1.0;
				PRODUCT_BUNDLE_IDENTIFIER = com.Stenuit.Tristan.AmazingQuizz;
				PRODUCT_NAME = "$(TARGET_NAME)";
				SWIFT_EMIT_LOC_STRINGS = YES;
				SWIFT_VERSION = 5.0;
				TARGETED_DEVICE_FAMILY = "1,2";
			};
			name = Debug;
		};
		6ABE791F2B6A46C300E8DB11 /* Release */ = {
			isa = XCBuildConfiguration;
			buildSettings = {
				ASSETCATALOG_COMPILER_APPICON_NAME = AppIcon;
				ASSETCATALOG_COMPILER_GLOBAL_ACCENT_COLOR_NAME = AccentColor;
				CODE_SIGN_STYLE = Automatic;
				CURRENT_PROJECT_VERSION = 1;
				DEVELOPMENT_ASSET_PATHS = "\"AmazingQuizz/Preview Content\"";
				DEVELOPMENT_TEAM = 6B2HPBN228;
				ENABLE_PREVIEWS = YES;
				GENERATE_INFOPLIST_FILE = YES;
				INFOPLIST_KEY_UIApplicationSceneManifest_Generation = YES;
				INFOPLIST_KEY_UIApplicationSupportsIndirectInputEvents = YES;
				INFOPLIST_KEY_UILaunchScreen_Generation = YES;
				INFOPLIST_KEY_UISupportedInterfaceOrientations_iPad = "UIInterfaceOrientationPortrait UIInterfaceOrientationPortraitUpsideDown UIInterfaceOrientationLandscapeLeft UIInterfaceOrientationLandscapeRight";
				INFOPLIST_KEY_UISupportedInterfaceOrientations_iPhone = UIInterfaceOrientationPortrait;
				LD_RUNPATH_SEARCH_PATHS = (
					"$(inherited)",
					"@executable_path/Frameworks",
				);
				MARKETING_VERSION = 1.0;
				PRODUCT_BUNDLE_IDENTIFIER = com.Stenuit.Tristan.AmazingQuizz;
				PRODUCT_NAME = "$(TARGET_NAME)";
				SWIFT_EMIT_LOC_STRINGS = YES;
				SWIFT_VERSION = 5.0;
				TARGETED_DEVICE_FAMILY = "1,2";
			};
			name = Release;
		};
/* End XCBuildConfiguration section */

/* Begin XCConfigurationList section */
		6ABE790A2B6A46C200E8DB11 /* Build configuration list for PBXProject "AmazingQuizz" */ = {
			isa = XCConfigurationList;
			buildConfigurations = (
				6ABE791B2B6A46C300E8DB11 /* Debug */,
				6ABE791C2B6A46C300E8DB11 /* Release */,
			);
			defaultConfigurationIsVisible = 0;
			defaultConfigurationName = Release;
		};
		6ABE791D2B6A46C300E8DB11 /* Build configuration list for PBXNativeTarget "AmazingQuizz" */ = {
			isa = XCConfigurationList;
			buildConfigurations = (
				6ABE791E2B6A46C300E8DB11 /* Debug */,
				6ABE791F2B6A46C300E8DB11 /* Release */,
			);
			defaultConfigurationIsVisible = 0;
			defaultConfigurationName = Release;
		};
/* End XCConfigurationList section */
	};
	rootObject = 6ABE79072B6A46C200E8DB11 /* Project object */;
}
